// !$*UTF8*$!
{
	archiveVersion = 1;
	classes = {
	};
	objectVersion = 46;
	objects = {

/* Begin PBXBuildFile section */
		ACA58AFC1DD14CB600ADCE64 /* AppDelegate.swift in Sources */ = {isa = PBXBuildFile; fileRef = ACA58AFB1DD14CB600ADCE64 /* AppDelegate.swift */; };
		ACA58AFE1DD14CB600ADCE64 /* ViewController.swift in Sources */ = {isa = PBXBuildFile; fileRef = ACA58AFD1DD14CB600ADCE64 /* ViewController.swift */; };
		ACA58B011DD14CB600ADCE64 /* Main.storyboard in Resources */ = {isa = PBXBuildFile; fileRef = ACA58AFF1DD14CB600ADCE64 /* Main.storyboard */; };
		ACA58B041DD14CB600ADCE64 /* apiTester.xcdatamodeld in Sources */ = {isa = PBXBuildFile; fileRef = ACA58B021DD14CB600ADCE64 /* apiTester.xcdatamodeld */; };
		ACA58B061DD14CB600ADCE64 /* Assets.xcassets in Resources */ = {isa = PBXBuildFile; fileRef = ACA58B051DD14CB600ADCE64 /* Assets.xcassets */; };
		ACA58B091DD14CB600ADCE64 /* LaunchScreen.storyboard in Resources */ = {isa = PBXBuildFile; fileRef = ACA58B071DD14CB600ADCE64 /* LaunchScreen.storyboard */; };
/* End PBXBuildFile section */

/* Begin PBXFileReference section */
		ACA58AF81DD14CB600ADCE64 /* apiTester.app */ = {isa = PBXFileReference; explicitFileType = wrapper.application; includeInIndex = 0; path = apiTester.app; sourceTree = BUILT_PRODUCTS_DIR; };
		ACA58AFB1DD14CB600ADCE64 /* AppDelegate.swift */ = {isa = PBXFileReference; lastKnownFileType = sourcecode.swift; path = AppDelegate.swift; sourceTree = "<group>"; };
		ACA58AFD1DD14CB600ADCE64 /* ViewController.swift */ = {isa = PBXFileReference; lastKnownFileType = sourcecode.swift; path = ViewController.swift; sourceTree = "<group>"; };
		ACA58B001DD14CB600ADCE64 /* Base */ = {isa = PBXFileReference; lastKnownFileType = file.storyboard; name = Base; path = Base.lproj/Main.storyboard; sourceTree = "<group>"; };
		ACA58B031DD14CB600ADCE64 /* apiTester.xcdatamodel */ = {isa = PBXFileReference; lastKnownFileType = wrapper.xcdatamodel; path = apiTester.xcdatamodel; sourceTree = "<group>"; };
		ACA58B051DD14CB600ADCE64 /* Assets.xcassets */ = {isa = PBXFileReference; lastKnownFileType = folder.assetcatalog; path = Assets.xcassets; sourceTree = "<group>"; };
		ACA58B081DD14CB600ADCE64 /* Base */ = {isa = PBXFileReference; lastKnownFileType = file.storyboard; name = Base; path = Base.lproj/LaunchScreen.storyboard; sourceTree = "<group>"; };
		ACA58B0A1DD14CB600ADCE64 /* Info.plist */ = {isa = PBXFileReference; lastKnownFileType = text.plist.xml; path = Info.plist; sourceTree = "<group>"; };
/* End PBXFileReference section */

/* Begin PBXFrameworksBuildPhase section */
		ACA58AF51DD14CB600ADCE64 /* Frameworks */ = {
			isa = PBXFrameworksBuildPhase;
			buildActionMask = 2147483647;
			files = (
			);
			runOnlyForDeploymentPostprocessing = 0;
		};
/* End PBXFrameworksBuildPhase section */

/* Begin PBXGroup section */
		ACA58AEF1DD14CB600ADCE64 = {
			isa = PBXGroup;
			children = (
				ACA58AFA1DD14CB600ADCE64 /* apiTester */,
				ACA58AF91DD14CB600ADCE64 /* Products */,
			);
			sourceTree = "<group>";
		};
		ACA58AF91DD14CB600ADCE64 /* Products */ = {
			isa = PBXGroup;
			children = (
				ACA58AF81DD14CB600ADCE64 /* apiTester.app */,
			);
			name = Products;
			sourceTree = "<group>";
		};
		ACA58AFA1DD14CB600ADCE64 /* apiTester */ = {
			isa = PBXGroup;
			children = (
				ACA58AFB1DD14CB600ADCE64 /* AppDelegate.swift */,
				ACA58AFD1DD14CB600ADCE64 /* ViewController.swift */,
				ACA58AFF1DD14CB600ADCE64 /* Main.storyboard */,
				ACA58B051DD14CB600ADCE64 /* Assets.xcassets */,
				ACA58B071DD14CB600ADCE64 /* LaunchScreen.storyboard */,
				ACA58B0A1DD14CB600ADCE64 /* Info.plist */,
				ACA58B021DD14CB600ADCE64 /* apiTester.xcdatamodeld */,
			);
			path = apiTester;
			sourceTree = "<group>";
		};
/* End PBXGroup section */

/* Begin PBXNativeTarget section */
		ACA58AF71DD14CB600ADCE64 /* apiTester */ = {
			isa = PBXNativeTarget;
			buildConfigurationList = ACA58B0D1DD14CB600ADCE64 /* Build configuration list for PBXNativeTarget "apiTester" */;
			buildPhases = (
				ACA58AF41DD14CB600ADCE64 /* Sources */,
				ACA58AF51DD14CB600ADCE64 /* Frameworks */,
				ACA58AF61DD14CB600ADCE64 /* Resources */,
			);
			buildRules = (
			);
			dependencies = (
			);
			name = apiTester;
			productName = apiTester;
			productReference = ACA58AF81DD14CB600ADCE64 /* apiTester.app */;
			productType = "com.apple.product-type.application";
		};
/* End PBXNativeTarget section */

/* Begin PBXProject section */
		ACA58AF01DD14CB600ADCE64 /* Project object */ = {
			isa = PBXProject;
			attributes = {
				LastSwiftUpdateCheck = 0810;
				LastUpgradeCheck = 0810;
				ORGANIZATIONNAME = sirlopu;
				TargetAttributes = {
					ACA58AF71DD14CB600ADCE64 = {
						CreatedOnToolsVersion = 8.1;
						DevelopmentTeam = 9MDMFKS59Y;
						ProvisioningStyle = Automatic;
					};
				};
			};
			buildConfigurationList = ACA58AF31DD14CB600ADCE64 /* Build configuration list for PBXProject "apiTester" */;
			compatibilityVersion = "Xcode 3.2";
			developmentRegion = English;
			hasScannedForEncodings = 0;
			knownRegions = (
				en,
				Base,
			);
			mainGroup = ACA58AEF1DD14CB600ADCE64;
			productRefGroup = ACA58AF91DD14CB600ADCE64 /* Products */;
			projectDirPath = "";
			projectRoot = "";
			targets = (
				ACA58AF71DD14CB600ADCE64 /* apiTester */,
			);
		};
/* End PBXProject section */

/* Begin PBXResourcesBuildPhase section */
		ACA58AF61DD14CB600ADCE64 /* Resources */ = {
			isa = PBXResourcesBuildPhase;
			buildActionMask = 2147483647;
			files = (
				ACA58B091DD14CB600ADCE64 /* LaunchScreen.storyboard in Resources */,
				ACA58B061DD14CB600ADCE64 /* Assets.xcassets in Resources */,
				ACA58B011DD14CB600ADCE64 /* Main.storyboard in Resources */,
			);
			runOnlyForDeploymentPostprocessing = 0;
		};
/* End PBXResourcesBuildPhase section */

/* Begin PBXSourcesBuildPhase section */
		ACA58AF41DD14CB600ADCE64 /* Sources */ = {
			isa = PBXSourcesBuildPhase;
			buildActionMask = 2147483647;
			files = (
				ACA58AFE1DD14CB600ADCE64 /* ViewController.swift in Sources */,
				ACA58AFC1DD14CB600ADCE64 /* AppDelegate.swift in Sources */,
				ACA58B041DD14CB600ADCE64 /* apiTester.xcdatamodeld in Sources */,
			);
			runOnlyForDeploymentPostprocessing = 0;
		};
/* End PBXSourcesBuildPhase section */

/* Begin PBXVariantGroup section */
		ACA58AFF1DD14CB600ADCE64 /* Main.storyboard */ = {
			isa = PBXVariantGroup;
			children = (
				ACA58B001DD14CB600ADCE64 /* Base */,
			);
			name = Main.storyboard;
			sourceTree = "<group>";
		};
		ACA58B071DD14CB600ADCE64 /* LaunchScreen.storyboard */ = {
			isa = PBXVariantGroup;
			children = (
				ACA58B081DD14CB600ADCE64 /* Base */,
			);
			name = LaunchScreen.storyboard;
			sourceTree = "<group>";
		};
/* End PBXVariantGroup section */

/* Begin XCBuildConfiguration section */
		ACA58B0B1DD14CB600ADCE64 /* Debug */ = {
			isa = XCBuildConfiguration;
			buildSettings = {
				ALWAYS_SEARCH_USER_PATHS = NO;
				CLANG_ANALYZER_NONNULL = YES;
				CLANG_CXX_LANGUAGE_STANDARD = "gnu++0x";
				CLANG_CXX_LIBRARY = "libc++";
				CLANG_ENABLE_MODULES = YES;
				CLANG_ENABLE_OBJC_ARC = YES;
				CLANG_WARN_BOOL_CONVERSION = YES;
				CLANG_WARN_CONSTANT_CONVERSION = YES;
				CLANG_WARN_DIRECT_OBJC_ISA_USAGE = YES_ERROR;
				CLANG_WARN_DOCUMENTATION_COMMENTS = YES;
				CLANG_WARN_EMPTY_BODY = YES;
				CLANG_WARN_ENUM_CONVERSION = YES;
				CLANG_WARN_INFINITE_RECURSION = YES;
				CLANG_WARN_INT_CONVERSION = YES;
				CLANG_WARN_OBJC_ROOT_CLASS = YES_ERROR;
				CLANG_WARN_SUSPICIOUS_MOVES = YES;
				CLANG_WARN_UNREACHABLE_CODE = YES;
				CLANG_WARN__DUPLICATE_METHOD_MATCH = YES;
				"CODE_SIGN_IDENTITY[sdk=iphoneos*]" = "iPhone Developer";
				COPY_PHASE_STRIP = NO;
				DEBUG_INFORMATION_FORMAT = dwarf;
				ENABLE_STRICT_OBJC_MSGSEND = YES;
				ENABLE_TESTABILITY = YES;
				GCC_C_LANGUAGE_STANDARD = gnu99;
				GCC_DYNAMIC_NO_PIC = NO;
				GCC_NO_COMMON_BLOCKS = YES;
				GCC_OPTIMIZATION_LEVEL = 0;
				GCC_PREPROCESSOR_DEFINITIONS = (
					"DEBUG=1",
					"$(inherited)",
				);
				GCC_WARN_64_TO_32_BIT_CONVERSION = YES;
				GCC_WARN_ABOUT_RETURN_TYPE = YES_ERROR;
				GCC_WARN_UNDECLARED_SELECTOR = YES;
				GCC_WARN_UNINITIALIZED_AUTOS = YES_AGGRESSIVE;
				GCC_WARN_UNUSED_FUNCTION = YES;
				GCC_WARN_UNUSED_VARIABLE = YES;
				IPHONEOS_DEPLOYMENT_TARGET = 10.1;
				MTL_ENABLE_DEBUG_INFO = YES;
				ONLY_ACTIVE_ARCH = YES;
				SDKROOT = iphoneos;
				SWIFT_ACTIVE_COMPILATION_CONDITIONS = DEBUG;
				SWIFT_OPTIMIZATION_LEVEL = "-Onone";
				TARGETED_DEVICE_FAMILY = "1,2";
			};
			name = Debug;
		};
		ACA58B0C1DD14CB600ADCE64 /* Release */ = {
			isa = XCBuildConfiguration;
			buildSettings = {
				ALWAYS_SEARCH_USER_PATHS = NO;
				CLANG_ANALYZER_NONNULL = YES;
				CLANG_CXX_LANGUAGE_STANDARD = "gnu++0x";
				CLANG_CXX_LIBRARY = "libc++";
				CLANG_ENABLE_MODULES = YES;
				CLANG_ENABLE_OBJC_ARC = YES;
				CLANG_WARN_BOOL_CONVERSION = YES;
				CLANG_WARN_CONSTANT_CONVERSION = YES;
				CLANG_WARN_DIRECT_OBJC_ISA_USAGE = YES_ERROR;
				CLANG_WARN_DOCUMENTATION_COMMENTS = YES;
				CLANG_WARN_EMPTY_BODY = YES;
				CLANG_WARN_ENUM_CONVERSION = YES;
				CLANG_WARN_INFINITE_RECURSION = YES;
				CLANG_WARN_INT_CONVERSION = YES;
				CLANG_WARN_OBJC_ROOT_CLASS = YES_ERROR;
				CLANG_WARN_SUSPICIOUS_MOVES = YES;
				CLANG_WARN_UNREACHABLE_CODE = YES;
				CLANG_WARN__DUPLICATE_METHOD_MATCH = YES;
				"CODE_SIGN_IDENTITY[sdk=iphoneos*]" = "iPhone Developer";
				COPY_PHASE_STRIP = NO;
				DEBUG_INFORMATION_FORMAT = "dwarf-with-dsym";
				ENABLE_NS_ASSERTIONS = NO;
				ENABLE_STRICT_OBJC_MSGSEND = YES;
				GCC_C_LANGUAGE_STANDARD = gnu99;
				GCC_NO_COMMON_BLOCKS = YES;
				GCC_WARN_64_TO_32_BIT_CONVERSION = YES;
				GCC_WARN_ABOUT_RETURN_TYPE = YES_ERROR;
				GCC_WARN_UNDECLARED_SELECTOR = YES;
				GCC_WARN_UNINITIALIZED_AUTOS = YES_AGGRESSIVE;
				GCC_WARN_UNUSED_FUNCTION = YES;
				GCC_WARN_UNUSED_VARIABLE = YES;
				IPHONEOS_DEPLOYMENT_TARGET = 10.1;
				MTL_ENABLE_DEBUG_INFO = NO;
				SDKROOT = iphoneos;
				SWIFT_OPTIMIZATION_LEVEL = "-Owholemodule";
				TARGETED_DEVICE_FAMILY = "1,2";
				VALIDATE_PRODUCT = YES;
			};
			name = Release;
		};
		ACA58B0E1DD14CB600ADCE64 /* Debug */ = {
			isa = XCBuildConfiguration;
			buildSettings = {
				ASSETCATALOG_COMPILER_APPICON_NAME = AppIcon;
				DEVELOPMENT_TEAM = 9MDMFKS59Y;
				INFOPLIST_FILE = apiTester/Info.plist;
				LD_RUNPATH_SEARCH_PATHS = "$(inherited) @executable_path/Frameworks";
				PRODUCT_BUNDLE_IDENTIFIER = com.sirlopu.apiTester;
				PRODUCT_NAME = "$(TARGET_NAME)";
				SWIFT_VERSION = 3.0;
			};
			name = Debug;
		};
		ACA58B0F1DD14CB600ADCE64 /* Release */ = {
			isa = XCBuildConfiguration;
			buildSettings = {
				ASSETCATALOG_COMPILER_APPICON_NAME = AppIcon;
				DEVELOPMENT_TEAM = 9MDMFKS59Y;
				INFOPLIST_FILE = apiTester/Info.plist;
				LD_RUNPATH_SEARCH_PATHS = "$(inherited) @executable_path/Frameworks";
				PRODUCT_BUNDLE_IDENTIFIER = com.sirlopu.apiTester;
				PRODUCT_NAME = "$(TARGET_NAME)";
				SWIFT_VERSION = 3.0;
			};
			name = Release;
		};
/* End XCBuildConfiguration section */

/* Begin XCConfigurationList section */
		ACA58AF31DD14CB600ADCE64 /* Build configuration list for PBXProject "apiTester" */ = {
			isa = XCConfigurationList;
			buildConfigurations = (
				ACA58B0B1DD14CB600ADCE64 /* Debug */,
				ACA58B0C1DD14CB600ADCE64 /* Release */,
			);
			defaultConfigurationIsVisible = 0;
			defaultConfigurationName = Release;
		};
		ACA58B0D1DD14CB600ADCE64 /* Build configuration list for PBXNativeTarget "apiTester" */ = {
			isa = XCConfigurationList;
			buildConfigurations = (
				ACA58B0E1DD14CB600ADCE64 /* Debug */,
				ACA58B0F1DD14CB600ADCE64 /* Release */,
			);
			defaultConfigurationIsVisible = 0;
		};
/* End XCConfigurationList section */

/* Begin XCVersionGroup section */
		ACA58B021DD14CB600ADCE64 /* apiTester.xcdatamodeld */ = {
			isa = XCVersionGroup;
			children = (
				ACA58B031DD14CB600ADCE64 /* apiTester.xcdatamodel */,
			);
			currentVersion = ACA58B031DD14CB600ADCE64 /* apiTester.xcdatamodel */;
			path = apiTester.xcdatamodeld;
			sourceTree = "<group>";
			versionGroupType = wrapper.xcdatamodel;
		};
/* End XCVersionGroup section */
	};
	rootObject = ACA58AF01DD14CB600ADCE64 /* Project object */;
}
